// !$*UTF8*$!
{
	archiveVersion = 1;
	classes = {
	};
	objectVersion = 50;
	objects = {

/* Begin PBXBuildFile section */
		E09E0879264ECEE6007D8916 /* AppDelegate.swift in Sources */ = {isa = PBXBuildFile; fileRef = E09E0878264ECEE6007D8916 /* AppDelegate.swift */; };
		E09E087B264ECEE6007D8916 /* SceneDelegate.swift in Sources */ = {isa = PBXBuildFile; fileRef = E09E087A264ECEE6007D8916 /* SceneDelegate.swift */; };
		E09E087D264ECEE6007D8916 /* ViewController.swift in Sources */ = {isa = PBXBuildFile; fileRef = E09E087C264ECEE6007D8916 /* ViewController.swift */; };
		E09E0880264ECEE6007D8916 /* Main.storyboard in Resources */ = {isa = PBXBuildFile; fileRef = E09E087E264ECEE6007D8916 /* Main.storyboard */; };
		E09E0882264ECEE7007D8916 /* Assets.xcassets in Resources */ = {isa = PBXBuildFile; fileRef = E09E0881264ECEE7007D8916 /* Assets.xcassets */; };
		E09E0885264ECEE7007D8916 /* LaunchScreen.storyboard in Resources */ = {isa = PBXBuildFile; fileRef = E09E0883264ECEE7007D8916 /* LaunchScreen.storyboard */; };
		E09E0890264ECEE8007D8916 /* MazeTests.swift in Sources */ = {isa = PBXBuildFile; fileRef = E09E088F264ECEE8007D8916 /* MazeTests.swift */; };
		E09E089B264ECEE8007D8916 /* MazeUITests.swift in Sources */ = {isa = PBXBuildFile; fileRef = E09E089A264ECEE8007D8916 /* MazeUITests.swift */; };
/* End PBXBuildFile section */

/* Begin PBXContainerItemProxy section */
		E09E088C264ECEE8007D8916 /* PBXContainerItemProxy */ = {
			isa = PBXContainerItemProxy;
			containerPortal = E09E086D264ECEE6007D8916 /* Project object */;
			proxyType = 1;
			remoteGlobalIDString = E09E0874264ECEE6007D8916;
			remoteInfo = Maze;
		};
		E09E0897264ECEE8007D8916 /* PBXContainerItemProxy */ = {
			isa = PBXContainerItemProxy;
			containerPortal = E09E086D264ECEE6007D8916 /* Project object */;
			proxyType = 1;
			remoteGlobalIDString = E09E0874264ECEE6007D8916;
			remoteInfo = Maze;
		};
/* End PBXContainerItemProxy section */

/* Begin PBXFileReference section */
		E09E0875264ECEE6007D8916 /* Maze.app */ = {isa = PBXFileReference; explicitFileType = wrapper.application; includeInIndex = 0; path = Maze.app; sourceTree = BUILT_PRODUCTS_DIR; };
		E09E0878264ECEE6007D8916 /* AppDelegate.swift */ = {isa = PBXFileReference; lastKnownFileType = sourcecode.swift; path = AppDelegate.swift; sourceTree = "<group>"; };
		E09E087A264ECEE6007D8916 /* SceneDelegate.swift */ = {isa = PBXFileReference; lastKnownFileType = sourcecode.swift; path = SceneDelegate.swift; sourceTree = "<group>"; };
		E09E087C264ECEE6007D8916 /* ViewController.swift */ = {isa = PBXFileReference; lastKnownFileType = sourcecode.swift; path = ViewController.swift; sourceTree = "<group>"; };
		E09E087F264ECEE6007D8916 /* Base */ = {isa = PBXFileReference; lastKnownFileType = file.storyboard; name = Base; path = Base.lproj/Main.storyboard; sourceTree = "<group>"; };
		E09E0881264ECEE7007D8916 /* Assets.xcassets */ = {isa = PBXFileReference; lastKnownFileType = folder.assetcatalog; path = Assets.xcassets; sourceTree = "<group>"; };
		E09E0884264ECEE7007D8916 /* Base */ = {isa = PBXFileReference; lastKnownFileType = file.storyboard; name = Base; path = Base.lproj/LaunchScreen.storyboard; sourceTree = "<group>"; };
		E09E0886264ECEE7007D8916 /* Info.plist */ = {isa = PBXFileReference; lastKnownFileType = text.plist.xml; path = Info.plist; sourceTree = "<group>"; };
		E09E088B264ECEE8007D8916 /* MazeTests.xctest */ = {isa = PBXFileReference; explicitFileType = wrapper.cfbundle; includeInIndex = 0; path = MazeTests.xctest; sourceTree = BUILT_PRODUCTS_DIR; };
		E09E088F264ECEE8007D8916 /* MazeTests.swift */ = {isa = PBXFileReference; lastKnownFileType = sourcecode.swift; path = MazeTests.swift; sourceTree = "<group>"; };
		E09E0891264ECEE8007D8916 /* Info.plist */ = {isa = PBXFileReference; lastKnownFileType = text.plist.xml; path = Info.plist; sourceTree = "<group>"; };
		E09E0896264ECEE8007D8916 /* MazeUITests.xctest */ = {isa = PBXFileReference; explicitFileType = wrapper.cfbundle; includeInIndex = 0; path = MazeUITests.xctest; sourceTree = BUILT_PRODUCTS_DIR; };
		E09E089A264ECEE8007D8916 /* MazeUITests.swift */ = {isa = PBXFileReference; lastKnownFileType = sourcecode.swift; path = MazeUITests.swift; sourceTree = "<group>"; };
		E09E089C264ECEE8007D8916 /* Info.plist */ = {isa = PBXFileReference; lastKnownFileType = text.plist.xml; path = Info.plist; sourceTree = "<group>"; };
/* End PBXFileReference section */

/* Begin PBXFrameworksBuildPhase section */
		E09E0872264ECEE6007D8916 /* Frameworks */ = {
			isa = PBXFrameworksBuildPhase;
			buildActionMask = 2147483647;
			files = (
			);
			runOnlyForDeploymentPostprocessing = 0;
		};
		E09E0888264ECEE8007D8916 /* Frameworks */ = {
			isa = PBXFrameworksBuildPhase;
			buildActionMask = 2147483647;
			files = (
			);
			runOnlyForDeploymentPostprocessing = 0;
		};
		E09E0893264ECEE8007D8916 /* Frameworks */ = {
			isa = PBXFrameworksBuildPhase;
			buildActionMask = 2147483647;
			files = (
			);
			runOnlyForDeploymentPostprocessing = 0;
		};
/* End PBXFrameworksBuildPhase section */

/* Begin PBXGroup section */
		E09E086C264ECEE6007D8916 = {
			isa = PBXGroup;
			children = (
				E09E0877264ECEE6007D8916 /* Maze */,
				E09E088E264ECEE8007D8916 /* MazeTests */,
				E09E0899264ECEE8007D8916 /* MazeUITests */,
				E09E0876264ECEE6007D8916 /* Products */,
			);
			sourceTree = "<group>";
		};
		E09E0876264ECEE6007D8916 /* Products */ = {
			isa = PBXGroup;
			children = (
				E09E0875264ECEE6007D8916 /* Maze.app */,
				E09E088B264ECEE8007D8916 /* MazeTests.xctest */,
				E09E0896264ECEE8007D8916 /* MazeUITests.xctest */,
			);
			name = Products;
			sourceTree = "<group>";
		};
		E09E0877264ECEE6007D8916 /* Maze */ = {
			isa = PBXGroup;
			children = (
				E09E0878264ECEE6007D8916 /* AppDelegate.swift */,
				E09E087A264ECEE6007D8916 /* SceneDelegate.swift */,
				E09E087C264ECEE6007D8916 /* ViewController.swift */,
				E09E087E264ECEE6007D8916 /* Main.storyboard */,
				E09E0881264ECEE7007D8916 /* Assets.xcassets */,
				E09E0883264ECEE7007D8916 /* LaunchScreen.storyboard */,
				E09E0886264ECEE7007D8916 /* Info.plist */,
			);
			path = Maze;
			sourceTree = "<group>";
		};
		E09E088E264ECEE8007D8916 /* MazeTests */ = {
			isa = PBXGroup;
			children = (
				E09E088F264ECEE8007D8916 /* MazeTests.swift */,
				E09E0891264ECEE8007D8916 /* Info.plist */,
			);
			path = MazeTests;
			sourceTree = "<group>";
		};
		E09E0899264ECEE8007D8916 /* MazeUITests */ = {
			isa = PBXGroup;
			children = (
				E09E089A264ECEE8007D8916 /* MazeUITests.swift */,
				E09E089C264ECEE8007D8916 /* Info.plist */,
			);
			path = MazeUITests;
			sourceTree = "<group>";
		};
/* End PBXGroup section */

/* Begin PBXNativeTarget section */
		E09E0874264ECEE6007D8916 /* Maze */ = {
			isa = PBXNativeTarget;
			buildConfigurationList = E09E089F264ECEE8007D8916 /* Build configuration list for PBXNativeTarget "Maze" */;
			buildPhases = (
				E09E0871264ECEE6007D8916 /* Sources */,
				E09E0872264ECEE6007D8916 /* Frameworks */,
				E09E0873264ECEE6007D8916 /* Resources */,
			);
			buildRules = (
			);
			dependencies = (
			);
			name = Maze;
			productName = Maze;
			productReference = E09E0875264ECEE6007D8916 /* Maze.app */;
			productType = "com.apple.product-type.application";
		};
		E09E088A264ECEE8007D8916 /* MazeTests */ = {
			isa = PBXNativeTarget;
			buildConfigurationList = E09E08A2264ECEE8007D8916 /* Build configuration list for PBXNativeTarget "MazeTests" */;
			buildPhases = (
				E09E0887264ECEE8007D8916 /* Sources */,
				E09E0888264ECEE8007D8916 /* Frameworks */,
				E09E0889264ECEE8007D8916 /* Resources */,
			);
			buildRules = (
			);
			dependencies = (
				E09E088D264ECEE8007D8916 /* PBXTargetDependency */,
			);
			name = MazeTests;
			productName = MazeTests;
			productReference = E09E088B264ECEE8007D8916 /* MazeTests.xctest */;
			productType = "com.apple.product-type.bundle.unit-test";
		};
		E09E0895264ECEE8007D8916 /* MazeUITests */ = {
			isa = PBXNativeTarget;
			buildConfigurationList = E09E08A5264ECEE8007D8916 /* Build configuration list for PBXNativeTarget "MazeUITests" */;
			buildPhases = (
				E09E0892264ECEE8007D8916 /* Sources */,
				E09E0893264ECEE8007D8916 /* Frameworks */,
				E09E0894264ECEE8007D8916 /* Resources */,
			);
			buildRules = (
			);
			dependencies = (
				E09E0898264ECEE8007D8916 /* PBXTargetDependency */,
			);
			name = MazeUITests;
			productName = MazeUITests;
			productReference = E09E0896264ECEE8007D8916 /* MazeUITests.xctest */;
			productType = "com.apple.product-type.bundle.ui-testing";
		};
/* End PBXNativeTarget section */

/* Begin PBXProject section */
		E09E086D264ECEE6007D8916 /* Project object */ = {
			isa = PBXProject;
			attributes = {
				LastSwiftUpdateCheck = 1250;
				LastUpgradeCheck = 1250;
				TargetAttributes = {
					E09E0874264ECEE6007D8916 = {
						CreatedOnToolsVersion = 12.5;
					};
					E09E088A264ECEE8007D8916 = {
						CreatedOnToolsVersion = 12.5;
						TestTargetID = E09E0874264ECEE6007D8916;
					};
					E09E0895264ECEE8007D8916 = {
						CreatedOnToolsVersion = 12.5;
						TestTargetID = E09E0874264ECEE6007D8916;
					};
				};
			};
			buildConfigurationList = E09E0870264ECEE6007D8916 /* Build configuration list for PBXProject "Maze" */;
			compatibilityVersion = "Xcode 9.3";
			developmentRegion = en;
			hasScannedForEncodings = 0;
			knownRegions = (
				en,
				Base,
			);
			mainGroup = E09E086C264ECEE6007D8916;
			productRefGroup = E09E0876264ECEE6007D8916 /* Products */;
			projectDirPath = "";
			projectRoot = "";
			targets = (
				E09E0874264ECEE6007D8916 /* Maze */,
				E09E088A264ECEE8007D8916 /* MazeTests */,
				E09E0895264ECEE8007D8916 /* MazeUITests */,
			);
		};
/* End PBXProject section */

/* Begin PBXResourcesBuildPhase section */
		E09E0873264ECEE6007D8916 /* Resources */ = {
			isa = PBXResourcesBuildPhase;
			buildActionMask = 2147483647;
			files = (
				E09E0885264ECEE7007D8916 /* LaunchScreen.storyboard in Resources */,
				E09E0882264ECEE7007D8916 /* Assets.xcassets in Resources */,
				E09E0880264ECEE6007D8916 /* Main.storyboard in Resources */,
			);
			runOnlyForDeploymentPostprocessing = 0;
		};
		E09E0889264ECEE8007D8916 /* Resources */ = {
			isa = PBXResourcesBuildPhase;
			buildActionMask = 2147483647;
			files = (
			);
			runOnlyForDeploymentPostprocessing = 0;
		};
		E09E0894264ECEE8007D8916 /* Resources */ = {
			isa = PBXResourcesBuildPhase;
			buildActionMask = 2147483647;
			files = (
			);
			runOnlyForDeploymentPostprocessing = 0;
		};
/* End PBXResourcesBuildPhase section */

/* Begin PBXSourcesBuildPhase section */
		E09E0871264ECEE6007D8916 /* Sources */ = {
			isa = PBXSourcesBuildPhase;
			buildActionMask = 2147483647;
			files = (
				E09E087D264ECEE6007D8916 /* ViewController.swift in Sources */,
				E09E0879264ECEE6007D8916 /* AppDelegate.swift in Sources */,
				E09E087B264ECEE6007D8916 /* SceneDelegate.swift in Sources */,
			);
			runOnlyForDeploymentPostprocessing = 0;
		};
		E09E0887264ECEE8007D8916 /* Sources */ = {
			isa = PBXSourcesBuildPhase;
			buildActionMask = 2147483647;
			files = (
				E09E0890264ECEE8007D8916 /* MazeTests.swift in Sources */,
			);
			runOnlyForDeploymentPostprocessing = 0;
		};
		E09E0892264ECEE8007D8916 /* Sources */ = {
			isa = PBXSourcesBuildPhase;
			buildActionMask = 2147483647;
			files = (
				E09E089B264ECEE8007D8916 /* MazeUITests.swift in Sources */,
			);
			runOnlyForDeploymentPostprocessing = 0;
		};
/* End PBXSourcesBuildPhase section */

/* Begin PBXTargetDependency section */
		E09E088D264ECEE8007D8916 /* PBXTargetDependency */ = {
			isa = PBXTargetDependency;
			target = E09E0874264ECEE6007D8916 /* Maze */;
			targetProxy = E09E088C264ECEE8007D8916 /* PBXContainerItemProxy */;
		};
		E09E0898264ECEE8007D8916 /* PBXTargetDependency */ = {
			isa = PBXTargetDependency;
			target = E09E0874264ECEE6007D8916 /* Maze */;
			targetProxy = E09E0897264ECEE8007D8916 /* PBXContainerItemProxy */;
		};
/* End PBXTargetDependency section */

/* Begin PBXVariantGroup section */
		E09E087E264ECEE6007D8916 /* Main.storyboard */ = {
			isa = PBXVariantGroup;
			children = (
				E09E087F264ECEE6007D8916 /* Base */,
			);
			name = Main.storyboard;
			sourceTree = "<group>";
		};
		E09E0883264ECEE7007D8916 /* LaunchScreen.storyboard */ = {
			isa = PBXVariantGroup;
			children = (
				E09E0884264ECEE7007D8916 /* Base */,
			);
			name = LaunchScreen.storyboard;
			sourceTree = "<group>";
		};
/* End PBXVariantGroup section */

/* Begin XCBuildConfiguration section */
		E09E089D264ECEE8007D8916 /* Debug */ = {
			isa = XCBuildConfiguration;
			buildSettings = {
				ALWAYS_SEARCH_USER_PATHS = NO;
				CLANG_ANALYZER_NONNULL = YES;
				CLANG_ANALYZER_NUMBER_OBJECT_CONVERSION = YES_AGGRESSIVE;
				CLANG_CXX_LANGUAGE_STANDARD = "gnu++14";
				CLANG_CXX_LIBRARY = "libc++";
				CLANG_ENABLE_MODULES = YES;
				CLANG_ENABLE_OBJC_ARC = YES;
				CLANG_ENABLE_OBJC_WEAK = YES;
				CLANG_WARN_BLOCK_CAPTURE_AUTORELEASING = YES;
				CLANG_WARN_BOOL_CONVERSION = YES;
				CLANG_WARN_COMMA = YES;
				CLANG_WARN_CONSTANT_CONVERSION = YES;
				CLANG_WARN_DEPRECATED_OBJC_IMPLEMENTATIONS = YES;
				CLANG_WARN_DIRECT_OBJC_ISA_USAGE = YES_ERROR;
				CLANG_WARN_DOCUMENTATION_COMMENTS = YES;
				CLANG_WARN_EMPTY_BODY = YES;
				CLANG_WARN_ENUM_CONVERSION = YES;
				CLANG_WARN_INFINITE_RECURSION = YES;
				CLANG_WARN_INT_CONVERSION = YES;
				CLANG_WARN_NON_LITERAL_NULL_CONVERSION = YES;
				CLANG_WARN_OBJC_IMPLICIT_RETAIN_SELF = YES;
				CLANG_WARN_OBJC_LITERAL_CONVERSION = YES;
				CLANG_WARN_OBJC_ROOT_CLASS = YES_ERROR;
				CLANG_WARN_QUOTED_INCLUDE_IN_FRAMEWORK_HEADER = YES;
				CLANG_WARN_RANGE_LOOP_ANALYSIS = YES;
				CLANG_WARN_STRICT_PROTOTYPES = YES;
				CLANG_WARN_SUSPICIOUS_MOVE = YES;
				CLANG_WARN_UNGUARDED_AVAILABILITY = YES_AGGRESSIVE;
				CLANG_WARN_UNREACHABLE_CODE = YES;
				CLANG_WARN__DUPLICATE_METHOD_MATCH = YES;
				COPY_PHASE_STRIP = NO;
				DEBUG_INFORMATION_FORMAT = dwarf;
				ENABLE_STRICT_OBJC_MSGSEND = YES;
				ENABLE_TESTABILITY = YES;
				GCC_C_LANGUAGE_STANDARD = gnu11;
				GCC_DYNAMIC_NO_PIC = NO;
				GCC_NO_COMMON_BLOCKS = YES;
				GCC_OPTIMIZATION_LEVEL = 0;
				GCC_PREPROCESSOR_DEFINITIONS = (
					"DEBUG=1",
					"$(inherited)",
				);
				GCC_WARN_64_TO_32_BIT_CONVERSION = YES;
				GCC_WARN_ABOUT_RETURN_TYPE = YES_ERROR;
				GCC_WARN_UNDECLARED_SELECTOR = YES;
				GCC_WARN_UNINITIALIZED_AUTOS = YES_AGGRESSIVE;
				GCC_WARN_UNUSED_FUNCTION = YES;
				GCC_WARN_UNUSED_VARIABLE = YES;
				IPHONEOS_DEPLOYMENT_TARGET = 14.5;
				MTL_ENABLE_DEBUG_INFO = INCLUDE_SOURCE;
				MTL_FAST_MATH = YES;
				ONLY_ACTIVE_ARCH = YES;
				SDKROOT = iphoneos;
				SWIFT_ACTIVE_COMPILATION_CONDITIONS = DEBUG;
				SWIFT_OPTIMIZATION_LEVEL = "-Onone";
			};
			name = Debug;
		};
		E09E089E264ECEE8007D8916 /* Release */ = {
			isa = XCBuildConfiguration;
			buildSettings = {
				ALWAYS_SEARCH_USER_PATHS = NO;
				CLANG_ANALYZER_NONNULL = YES;
				CLANG_ANALYZER_NUMBER_OBJECT_CONVERSION = YES_AGGRESSIVE;
				CLANG_CXX_LANGUAGE_STANDARD = "gnu++14";
				CLANG_CXX_LIBRARY = "libc++";
				CLANG_ENABLE_MODULES = YES;
				CLANG_ENABLE_OBJC_ARC = YES;
				CLANG_ENABLE_OBJC_WEAK = YES;
				CLANG_WARN_BLOCK_CAPTURE_AUTORELEASING = YES;
				CLANG_WARN_BOOL_CONVERSION = YES;
				CLANG_WARN_COMMA = YES;
				CLANG_WARN_CONSTANT_CONVERSION = YES;
				CLANG_WARN_DEPRECATED_OBJC_IMPLEMENTATIONS = YES;
				CLANG_WARN_DIRECT_OBJC_ISA_USAGE = YES_ERROR;
				CLANG_WARN_DOCUMENTATION_COMMENTS = YES;
				CLANG_WARN_EMPTY_BODY = YES;
				CLANG_WARN_ENUM_CONVERSION = YES;
				CLANG_WARN_INFINITE_RECURSION = YES;
				CLANG_WARN_INT_CONVERSION = YES;
				CLANG_WARN_NON_LITERAL_NULL_CONVERSION = YES;
				CLANG_WARN_OBJC_IMPLICIT_RETAIN_SELF = YES;
				CLANG_WARN_OBJC_LITERAL_CONVERSION = YES;
				CLANG_WARN_OBJC_ROOT_CLASS = YES_ERROR;
				CLANG_WARN_QUOTED_INCLUDE_IN_FRAMEWORK_HEADER = YES;
				CLANG_WARN_RANGE_LOOP_ANALYSIS = YES;
				CLANG_WARN_STRICT_PROTOTYPES = YES;
				CLANG_WARN_SUSPICIOUS_MOVE = YES;
				CLANG_WARN_UNGUARDED_AVAILABILITY = YES_AGGRESSIVE;
				CLANG_WARN_UNREACHABLE_CODE = YES;
				CLANG_WARN__DUPLICATE_METHOD_MATCH = YES;
				COPY_PHASE_STRIP = NO;
				DEBUG_INFORMATION_FORMAT = "dwarf-with-dsym";
				ENABLE_NS_ASSERTIONS = NO;
				ENABLE_STRICT_OBJC_MSGSEND = YES;
				GCC_C_LANGUAGE_STANDARD = gnu11;
				GCC_NO_COMMON_BLOCKS = YES;
				GCC_WARN_64_TO_32_BIT_CONVERSION = YES;
				GCC_WARN_ABOUT_RETURN_TYPE = YES_ERROR;
				GCC_WARN_UNDECLARED_SELECTOR = YES;
				GCC_WARN_UNINITIALIZED_AUTOS = YES_AGGRESSIVE;
				GCC_WARN_UNUSED_FUNCTION = YES;
				GCC_WARN_UNUSED_VARIABLE = YES;
				IPHONEOS_DEPLOYMENT_TARGET = 14.5;
				MTL_ENABLE_DEBUG_INFO = NO;
				MTL_FAST_MATH = YES;
				SDKROOT = iphoneos;
				SWIFT_COMPILATION_MODE = wholemodule;
				SWIFT_OPTIMIZATION_LEVEL = "-O";
				VALIDATE_PRODUCT = YES;
			};
			name = Release;
		};
		E09E08A0264ECEE8007D8916 /* Debug */ = {
			isa = XCBuildConfiguration;
			buildSettings = {
				ASSETCATALOG_COMPILER_APPICON_NAME = AppIcon;
				ASSETCATALOG_COMPILER_GLOBAL_ACCENT_COLOR_NAME = AccentColor;
				CODE_SIGN_STYLE = Automatic;
				INFOPLIST_FILE = Maze/Info.plist;
				LD_RUNPATH_SEARCH_PATHS = (
					"$(inherited)",
					"@executable_path/Frameworks",
				);
				PRODUCT_BUNDLE_IDENTIFIER = app.abe.chanmia.Maze;
				PRODUCT_NAME = "$(TARGET_NAME)";
				SWIFT_VERSION = 5.0;
				TARGETED_DEVICE_FAMILY = "1,2";
			};
			name = Debug;
		};
		E09E08A1264ECEE8007D8916 /* Release */ = {
			isa = XCBuildConfiguration;
			buildSettings = {
				ASSETCATALOG_COMPILER_APPICON_NAME = AppIcon;
				ASSETCATALOG_COMPILER_GLOBAL_ACCENT_COLOR_NAME = AccentColor;
				CODE_SIGN_STYLE = Automatic;
				INFOPLIST_FILE = Maze/Info.plist;
				LD_RUNPATH_SEARCH_PATHS = (
					"$(inherited)",
					"@executable_path/Frameworks",
				);
				PRODUCT_BUNDLE_IDENTIFIER = app.abe.chanmia.Maze;
				PRODUCT_NAME = "$(TARGET_NAME)";
				SWIFT_VERSION = 5.0;
				TARGETED_DEVICE_FAMILY = "1,2";
			};
			name = Release;
		};
		E09E08A3264ECEE8007D8916 /* Debug */ = {
			isa = XCBuildConfiguration;
			buildSettings = {
				ALWAYS_EMBED_SWIFT_STANDARD_LIBRARIES = YES;
				BUNDLE_LOADER = "$(TEST_HOST)";
				CODE_SIGN_STYLE = Automatic;
				INFOPLIST_FILE = MazeTests/Info.plist;
				IPHONEOS_DEPLOYMENT_TARGET = 14.5;
				LD_RUNPATH_SEARCH_PATHS = (
					"$(inherited)",
					"@executable_path/Frameworks",
					"@loader_path/Frameworks",
				);
				PRODUCT_BUNDLE_IDENTIFIER = app.abe.chanmia.MazeTests;
				PRODUCT_NAME = "$(TARGET_NAME)";
				SWIFT_VERSION = 5.0;
				TARGETED_DEVICE_FAMILY = "1,2";
				TEST_HOST = "$(BUILT_PRODUCTS_DIR)/Maze.app/Maze";
			};
			name = Debug;
		};
		E09E08A4264ECEE8007D8916 /* Release */ = {
			isa = XCBuildConfiguration;
			buildSettings = {
				ALWAYS_EMBED_SWIFT_STANDARD_LIBRARIES = YES;
				BUNDLE_LOADER = "$(TEST_HOST)";
				CODE_SIGN_STYLE = Automatic;
				INFOPLIST_FILE = MazeTests/Info.plist;
				IPHONEOS_DEPLOYMENT_TARGET = 14.5;
				LD_RUNPATH_SEARCH_PATHS = (
					"$(inherited)",
					"@executable_path/Frameworks",
					"@loader_path/Frameworks",
				);
				PRODUCT_BUNDLE_IDENTIFIER = app.abe.chanmia.MazeTests;
				PRODUCT_NAME = "$(TARGET_NAME)";
				SWIFT_VERSION = 5.0;
				TARGETED_DEVICE_FAMILY = "1,2";
				TEST_HOST = "$(BUILT_PRODUCTS_DIR)/Maze.app/Maze";
			};
			name = Release;
		};
		E09E08A6264ECEE8007D8916 /* Debug */ = {
			isa = XCBuildConfiguration;
			buildSettings = {
				ALWAYS_EMBED_SWIFT_STANDARD_LIBRARIES = YES;
				CODE_SIGN_STYLE = Automatic;
				INFOPLIST_FILE = MazeUITests/Info.plist;
				LD_RUNPATH_SEARCH_PATHS = (
					"$(inherited)",
					"@executable_path/Frameworks",
					"@loader_path/Frameworks",
				);
				PRODUCT_BUNDLE_IDENTIFIER = app.abe.chanmia.MazeUITests;
				PRODUCT_NAME = "$(TARGET_NAME)";
				SWIFT_VERSION = 5.0;
				TARGETED_DEVICE_FAMILY = "1,2";
				TEST_TARGET_NAME = Maze;
			};
			name = Debug;
		};
		E09E08A7264ECEE8007D8916 /* Release */ = {
			isa = XCBuildConfiguration;
			buildSettings = {
				ALWAYS_EMBED_SWIFT_STANDARD_LIBRARIES = YES;
				CODE_SIGN_STYLE = Automatic;
				INFOPLIST_FILE = MazeUITests/Info.plist;
				LD_RUNPATH_SEARCH_PATHS = (
					"$(inherited)",
					"@executable_path/Frameworks",
					"@loader_path/Frameworks",
				);
				PRODUCT_BUNDLE_IDENTIFIER = app.abe.chanmia.MazeUITests;
				PRODUCT_NAME = "$(TARGET_NAME)";
				SWIFT_VERSION = 5.0;
				TARGETED_DEVICE_FAMILY = "1,2";
				TEST_TARGET_NAME = Maze;
			};
			name = Release;
		};
/* End XCBuildConfiguration section */

/* Begin XCConfigurationList section */
		E09E0870264ECEE6007D8916 /* Build configuration list for PBXProject "Maze" */ = {
			isa = XCConfigurationList;
			buildConfigurations = (
				E09E089D264ECEE8007D8916 /* Debug */,
				E09E089E264ECEE8007D8916 /* Release */,
			);
			defaultConfigurationIsVisible = 0;
			defaultConfigurationName = Release;
		};
		E09E089F264ECEE8007D8916 /* Build configuration list for PBXNativeTarget "Maze" */ = {
			isa = XCConfigurationList;
			buildConfigurations = (
				E09E08A0264ECEE8007D8916 /* Debug */,
				E09E08A1264ECEE8007D8916 /* Release */,
			);
			defaultConfigurationIsVisible = 0;
			defaultConfigurationName = Release;
		};
		E09E08A2264ECEE8007D8916 /* Build configuration list for PBXNativeTarget "MazeTests" */ = {
			isa = XCConfigurationList;
			buildConfigurations = (
				E09E08A3264ECEE8007D8916 /* Debug */,
				E09E08A4264ECEE8007D8916 /* Release */,
			);
			defaultConfigurationIsVisible = 0;
			defaultConfigurationName = Release;
		};
		E09E08A5264ECEE8007D8916 /* Build configuration list for PBXNativeTarget "MazeUITests" */ = {
			isa = XCConfigurationList;
			buildConfigurations = (
				E09E08A6264ECEE8007D8916 /* Debug */,
				E09E08A7264ECEE8007D8916 /* Release */,
			);
			defaultConfigurationIsVisible = 0;
			defaultConfigurationName = Release;
		};
/* End XCConfigurationList section */
	};
	rootObject = E09E086D264ECEE6007D8916 /* Project object */;
}
